
Microsoft Visual Studio Solution File, Format Version 12.00
# Visual Studio Version 17
VisualStudioVersion = 17.0.31903.59
MinimumVisualStudioVersion = 10.0.40219.1
Project("{2150E333-8FDC-42A3-9474-1A3956D46DE8}") = "src", "src", "{827E0CD3-B72D-47B6-A68D-7590B98EB39B}"
EndProject
Project("{FAE04EC0-301F-11D3-BF4B-00C04F79EFBC}") = "WordMcp.ComInterop", "src\WordMcp.ComInterop\WordMcp.ComInterop.csproj", "{A50CB163-D0E3-46B7-9F2F-7A1EB48EF148}"
EndProject
Project("{FAE04EC0-301F-11D3-BF4B-00C04F79EFBC}") = "WordMcp.Core", "src\WordMcp.Core\WordMcp.Core.csproj", "{844DB26D-DE0E-4A36-B413-C76C8ED6D2DA}"
EndProject
Project("{FAE04EC0-301F-11D3-BF4B-00C04F79EFBC}") = "WordMcp.McpServer", "src\WordMcp.McpServer\WordMcp.McpServer.csproj", "{AF56C61E-48C8-4081-BDAE-10A51D02BE8D}"
EndProject
Global
	GlobalSection(SolutionConfigurationPlatforms) = preSolution
		Debug|Any CPU = Debug|Any CPU
		Debug|x64 = Debug|x64
		Debug|x86 = Debug|x86
		Release|Any CPU = Release|Any CPU
		Release|x64 = Release|x64
		Release|x86 = Release|x86
	EndGlobalSection
	GlobalSection(ProjectConfigurationPlatforms) = postSolution
		{A50CB163-D0E3-46B7-9F2F-7A1EB48EF148}.Debug|Any CPU.ActiveCfg = Debug|Any CPU
		{A50CB163-D0E3-46B7-9F2F-7A1EB48EF148}.Debug|Any CPU.Build.0 = Debug|Any CPU
		{A50CB163-D0E3-46B7-9F2F-7A1EB48EF148}.Debug|x64.ActiveCfg = Debug|Any CPU
		{A50CB163-D0E3-46B7-9F2F-7A1EB48EF148}.Debug|x64.Build.0 = Debug|Any CPU
		{A50CB163-D0E3-46B7-9F2F-7A1EB48EF148}.Debug|x86.ActiveCfg = Debug|Any CPU
		{A50CB163-D0E3-46B7-9F2F-7A1EB48EF148}.Debug|x86.Build.0 = Debug|Any CPU
		{A50CB163-D0E3-46B7-9F2F-7A1EB48EF148}.Release|Any CPU.ActiveCfg = Release|Any CPU
		{A50CB163-D0E3-46B7-9F2F-7A1EB48EF148}.Release|Any CPU.Build.0 = Release|Any CPU
		{A50CB163-D0E3-46B7-9F2F-7A1EB48EF148}.Release|x64.ActiveCfg = Release|Any CPU
		{A50CB163-D0E3-46B7-9F2F-7A1EB48EF148}.Release|x64.Build.0 = Release|Any CPU
		{A50CB163-D0E3-46B7-9F2F-7A1EB48EF148}.Release|x86.ActiveCfg = Release|Any CPU
		{A50CB163-D0E3-46B7-9F2F-7A1EB48EF148}.Release|x86.Build.0 = Release|Any CPU
		{844DB26D-DE0E-4A36-B413-C76C8ED6D2DA}.Debug|Any CPU.ActiveCfg = Debug|Any CPU
		{844DB26D-DE0E-4A36-B413-C76C8ED6D2DA}.Debug|Any CPU.Build.0 = Debug|Any CPU
		{844DB26D-DE0E-4A36-B413-C76C8ED6D2DA}.Debug|x64.ActiveCfg = Debug|Any CPU
		{844DB26D-DE0E-4A36-B413-C76C8ED6D2DA}.Debug|x64.Build.0 = Debug|Any CPU
		{844DB26D-DE0E-4A36-B413-C76C8ED6D2DA}.Debug|x86.ActiveCfg = Debug|Any CPU
		{844DB26D-DE0E-4A36-B413-C76C8ED6D2DA}.Debug|x86.Build.0 = Debug|Any CPU
		{844DB26D-DE0E-4A36-B413-C76C8ED6D2DA}.Release|Any CPU.ActiveCfg = Release|Any CPU
		{844DB26D-DE0E-4A36-B413-C76C8ED6D2DA}.Release|Any CPU.Build.0 = Release|Any CPU
		{844DB26D-DE0E-4A36-B413-C76C8ED6D2DA}.Release|x64.ActiveCfg = Release|Any CPU
		{844DB26D-DE0E-4A36-B413-C76C8ED6D2DA}.Release|x64.Build.0 = Release|Any CPU
		{844DB26D-DE0E-4A36-B413-C76C8ED6D2DA}.Release|x86.ActiveCfg = Release|Any CPU
		{844DB26D-DE0E-4A36-B413-C76C8ED6D2DA}.Release|x86.Build.0 = Release|Any CPU
		{AF56C61E-48C8-4081-BDAE-10A51D02BE8D}.Debug|Any CPU.ActiveCfg = Debug|Any CPU
		{AF56C61E-48C8-4081-BDAE-10A51D02BE8D}.Debug|Any CPU.Build.0 = Debug|Any CPU
		{AF56C61E-48C8-4081-BDAE-10A51D02BE8D}.Debug|x64.ActiveCfg = Debug|Any CPU
		{AF56C61E-48C8-4081-BDAE-10A51D02BE8D}.Debug|x64.Build.0 = Debug|Any CPU
		{AF56C61E-48C8-4081-BDAE-10A51D02BE8D}.Debug|x86.ActiveCfg = Debug|Any CPU
		{AF56C61E-48C8-4081-BDAE-10A51D02BE8D}.Debug|x86.Build.0 = Debug|Any CPU
		{AF56C61E-48C8-4081-BDAE-10A51D02BE8D}.Release|Any CPU.ActiveCfg = Release|Any CPU
		{AF56C61E-48C8-4081-BDAE-10A51D02BE8D}.Release|Any CPU.Build.0 = Release|Any CPU
		{AF56C61E-48C8-4081-BDAE-10A51D02BE8D}.Release|x64.ActiveCfg = Release|Any CPU
		{AF56C61E-48C8-4081-BDAE-10A51D02BE8D}.Release|x64.Build.0 = Release|Any CPU
		{AF56C61E-48C8-4081-BDAE-10A51D02BE8D}.Release|x86.ActiveCfg = Release|Any CPU
		{AF56C61E-48C8-4081-BDAE-10A51D02BE8D}.Release|x86.Build.0 = Release|Any CPU
	EndGlobalSection
	GlobalSection(SolutionProperties) = preSolution
		HideSolutionNode = FALSE
	EndGlobalSection
	GlobalSection(NestedProjects) = preSolution
		{A50CB163-D0E3-46B7-9F2F-7A1EB48EF148} = {827E0CD3-B72D-47B6-A68D-7590B98EB39B}
		{844DB26D-DE0E-4A36-B413-C76C8ED6D2DA} = {827E0CD3-B72D-47B6-A68D-7590B98EB39B}
		{AF56C61E-48C8-4081-BDAE-10A51D02BE8D} = {827E0CD3-B72D-47B6-A68D-7590B98EB39B}
	EndGlobalSection
EndGlobal
